
Microsoft Visual Studio Solution File, Format Version 12.00
# Visual Studio 2012
Project("{FAE04EC0-301F-11D3-BF4B-00C04F79EFBC}") = "VentControllerClient", "VentControllerClient\VentControllerClient.csproj", "{A171D03C-6556-446D-B3BE-321F7AF5F025}"
EndProject
Project("{FAE04EC0-301F-11D3-BF4B-00C04F79EFBC}") = "VentControllerClient.iOS", "iOS\VentControllerClient.iOS.csproj", "{15494202-F62F-4595-90A5-1CAFFD133938}"
EndProject
Project("{FAE04EC0-301F-11D3-BF4B-00C04F79EFBC}") = "VentControllerClient.Droid", "Droid\VentControllerClient.Droid.csproj", "{429561FB-59A3-4C44-B2D9-63923EEDA52B}"
EndProject
Project("{FAE04EC0-301F-11D3-BF4B-00C04F79EFBC}") = "MqttClient", "MqttClient\MqttClient.csproj", "{26DA7DBF-31A2-447E-A8F3-EF68B6FC80F3}"
EndProject
Project("{FAE04EC0-301F-11D3-BF4B-00C04F79EFBC}") = "MqttClient.Ios", "MqttClient.Ios\MqttClient.Ios.csproj", "{DACFD4D4-86B1-4FA6-9E88-E5A126862DD3}"
EndProject
Project("{FAE04EC0-301F-11D3-BF4B-00C04F79EFBC}") = "MqttClient.Droid", "MqttClient.Droid\MqttClient.Droid.csproj", "{1F819CEA-20EF-4606-90E6-69E27D022431}"
EndProject
Global
	GlobalSection(SolutionConfigurationPlatforms) = preSolution
		Debug|Any CPU = Debug|Any CPU
		Release|Any CPU = Release|Any CPU
		Debug|iPhoneSimulator = Debug|iPhoneSimulator
		Release|iPhone = Release|iPhone
		Release|iPhoneSimulator = Release|iPhoneSimulator
		Debug|iPhone = Debug|iPhone
	EndGlobalSection
	GlobalSection(ProjectConfigurationPlatforms) = postSolution
		{15494202-F62F-4595-90A5-1CAFFD133938}.Debug|Any CPU.ActiveCfg = Debug|iPhoneSimulator
		{15494202-F62F-4595-90A5-1CAFFD133938}.Debug|Any CPU.Build.0 = Debug|iPhoneSimulator
		{15494202-F62F-4595-90A5-1CAFFD133938}.Debug|iPhone.ActiveCfg = Debug|iPhone
		{15494202-F62F-4595-90A5-1CAFFD133938}.Debug|iPhone.Build.0 = Debug|iPhone
		{15494202-F62F-4595-90A5-1CAFFD133938}.Debug|iPhoneSimulator.ActiveCfg = Debug|iPhoneSimulator
		{15494202-F62F-4595-90A5-1CAFFD133938}.Debug|iPhoneSimulator.Build.0 = Debug|iPhoneSimulator
		{15494202-F62F-4595-90A5-1CAFFD133938}.Release|Any CPU.ActiveCfg = Release|iPhone
		{15494202-F62F-4595-90A5-1CAFFD133938}.Release|Any CPU.Build.0 = Release|iPhone
		{15494202-F62F-4595-90A5-1CAFFD133938}.Release|iPhone.ActiveCfg = Release|iPhone
		{15494202-F62F-4595-90A5-1CAFFD133938}.Release|iPhone.Build.0 = Release|iPhone
		{15494202-F62F-4595-90A5-1CAFFD133938}.Release|iPhoneSimulator.ActiveCfg = Release|iPhoneSimulator
		{15494202-F62F-4595-90A5-1CAFFD133938}.Release|iPhoneSimulator.Build.0 = Release|iPhoneSimulator
		{1F819CEA-20EF-4606-90E6-69E27D022431}.Debug|Any CPU.ActiveCfg = Debug|Any CPU
		{1F819CEA-20EF-4606-90E6-69E27D022431}.Debug|Any CPU.Build.0 = Debug|Any CPU
		{1F819CEA-20EF-4606-90E6-69E27D022431}.Debug|iPhone.ActiveCfg = Debug|Any CPU
		{1F819CEA-20EF-4606-90E6-69E27D022431}.Debug|iPhone.Build.0 = Debug|Any CPU
		{1F819CEA-20EF-4606-90E6-69E27D022431}.Debug|iPhoneSimulator.ActiveCfg = Debug|Any CPU
		{1F819CEA-20EF-4606-90E6-69E27D022431}.Debug|iPhoneSimulator.Build.0 = Debug|Any CPU
		{1F819CEA-20EF-4606-90E6-69E27D022431}.Release|Any CPU.ActiveCfg = Release|Any CPU
		{1F819CEA-20EF-4606-90E6-69E27D022431}.Release|Any CPU.Build.0 = Release|Any CPU
		{1F819CEA-20EF-4606-90E6-69E27D022431}.Release|iPhone.ActiveCfg = Release|Any CPU
		{1F819CEA-20EF-4606-90E6-69E27D022431}.Release|iPhone.Build.0 = Release|Any CPU
		{1F819CEA-20EF-4606-90E6-69E27D022431}.Release|iPhoneSimulator.ActiveCfg = Release|Any CPU
		{1F819CEA-20EF-4606-90E6-69E27D022431}.Release|iPhoneSimulator.Build.0 = Release|Any CPU
		{26DA7DBF-31A2-447E-A8F3-EF68B6FC80F3}.Debug|Any CPU.ActiveCfg = Debug|Any CPU
		{26DA7DBF-31A2-447E-A8F3-EF68B6FC80F3}.Debug|Any CPU.Build.0 = Debug|Any CPU
		{26DA7DBF-31A2-447E-A8F3-EF68B6FC80F3}.Debug|iPhone.ActiveCfg = Debug|Any CPU
		{26DA7DBF-31A2-447E-A8F3-EF68B6FC80F3}.Debug|iPhone.Build.0 = Debug|Any CPU
		{26DA7DBF-31A2-447E-A8F3-EF68B6FC80F3}.Debug|iPhoneSimulator.ActiveCfg = Debug|Any CPU
		{26DA7DBF-31A2-447E-A8F3-EF68B6FC80F3}.Debug|iPhoneSimulator.Build.0 = Debug|Any CPU
		{26DA7DBF-31A2-447E-A8F3-EF68B6FC80F3}.Release|Any CPU.ActiveCfg = Release|Any CPU
		{26DA7DBF-31A2-447E-A8F3-EF68B6FC80F3}.Release|Any CPU.Build.0 = Release|Any CPU
		{26DA7DBF-31A2-447E-A8F3-EF68B6FC80F3}.Release|iPhone.ActiveCfg = Release|Any CPU
		{26DA7DBF-31A2-447E-A8F3-EF68B6FC80F3}.Release|iPhone.Build.0 = Release|Any CPU
		{26DA7DBF-31A2-447E-A8F3-EF68B6FC80F3}.Release|iPhoneSimulator.ActiveCfg = Release|Any CPU
		{26DA7DBF-31A2-447E-A8F3-EF68B6FC80F3}.Release|iPhoneSimulator.Build.0 = Release|Any CPU
		{429561FB-59A3-4C44-B2D9-63923EEDA52B}.Debug|Any CPU.ActiveCfg = Debug|Any CPU
		{429561FB-59A3-4C44-B2D9-63923EEDA52B}.Debug|Any CPU.Build.0 = Debug|Any CPU
		{429561FB-59A3-4C44-B2D9-63923EEDA52B}.Debug|iPhone.ActiveCfg = Debug|Any CPU
		{429561FB-59A3-4C44-B2D9-63923EEDA52B}.Debug|iPhone.Build.0 = Debug|Any CPU
		{429561FB-59A3-4C44-B2D9-63923EEDA52B}.Debug|iPhoneSimulator.ActiveCfg = Debug|Any CPU
		{429561FB-59A3-4C44-B2D9-63923EEDA52B}.Debug|iPhoneSimulator.Build.0 = Debug|Any CPU
		{429561FB-59A3-4C44-B2D9-63923EEDA52B}.Release|Any CPU.ActiveCfg = Release|Any CPU
		{429561FB-59A3-4C44-B2D9-63923EEDA52B}.Release|Any CPU.Build.0 = Release|Any CPU
		{429561FB-59A3-4C44-B2D9-63923EEDA52B}.Release|iPhone.ActiveCfg = Release|Any CPU
		{429561FB-59A3-4C44-B2D9-63923EEDA52B}.Release|iPhone.Build.0 = Release|Any CPU
		{429561FB-59A3-4C44-B2D9-63923EEDA52B}.Release|iPhoneSimulator.ActiveCfg = Release|Any CPU
		{429561FB-59A3-4C44-B2D9-63923EEDA52B}.Release|iPhoneSimulator.Build.0 = Release|Any CPU
		{A171D03C-6556-446D-B3BE-321F7AF5F025}.Debug|Any CPU.ActiveCfg = Debug|Any CPU
		{A171D03C-6556-446D-B3BE-321F7AF5F025}.Debug|Any CPU.Build.0 = Debug|Any CPU
		{A171D03C-6556-446D-B3BE-321F7AF5F025}.Debug|iPhone.ActiveCfg = Debug|Any CPU
		{A171D03C-6556-446D-B3BE-321F7AF5F025}.Debug|iPhone.Build.0 = Debug|Any CPU
		{A171D03C-6556-446D-B3BE-321F7AF5F025}.Debug|iPhoneSimulator.ActiveCfg = Debug|Any CPU
		{A171D03C-6556-446D-B3BE-321F7AF5F025}.Debug|iPhoneSimulator.Build.0 = Debug|Any CPU
		{A171D03C-6556-446D-B3BE-321F7AF5F025}.Release|Any CPU.ActiveCfg = Release|Any CPU
		{A171D03C-6556-446D-B3BE-321F7AF5F025}.Release|Any CPU.Build.0 = Release|Any CPU
		{A171D03C-6556-446D-B3BE-321F7AF5F025}.Release|iPhone.ActiveCfg = Release|Any CPU
		{A171D03C-6556-446D-B3BE-321F7AF5F025}.Release|iPhone.Build.0 = Release|Any CPU
		{A171D03C-6556-446D-B3BE-321F7AF5F025}.Release|iPhoneSimulator.ActiveCfg = Release|Any CPU
		{A171D03C-6556-446D-B3BE-321F7AF5F025}.Release|iPhoneSimulator.Build.0 = Release|Any CPU
		{DACFD4D4-86B1-4FA6-9E88-E5A126862DD3}.Debug|Any CPU.ActiveCfg = Debug|Any CPU
		{DACFD4D4-86B1-4FA6-9E88-E5A126862DD3}.Debug|Any CPU.Build.0 = Debug|Any CPU
		{DACFD4D4-86B1-4FA6-9E88-E5A126862DD3}.Debug|iPhone.ActiveCfg = Debug|Any CPU
		{DACFD4D4-86B1-4FA6-9E88-E5A126862DD3}.Debug|iPhone.Build.0 = Debug|Any CPU
		{DACFD4D4-86B1-4FA6-9E88-E5A126862DD3}.Debug|iPhoneSimulator.ActiveCfg = Debug|Any CPU
		{DACFD4D4-86B1-4FA6-9E88-E5A126862DD3}.Debug|iPhoneSimulator.Build.0 = Debug|Any CPU
		{DACFD4D4-86B1-4FA6-9E88-E5A126862DD3}.Release|Any CPU.ActiveCfg = Release|Any CPU
		{DACFD4D4-86B1-4FA6-9E88-E5A126862DD3}.Release|Any CPU.Build.0 = Release|Any CPU
		{DACFD4D4-86B1-4FA6-9E88-E5A126862DD3}.Release|iPhone.ActiveCfg = Release|Any CPU
		{DACFD4D4-86B1-4FA6-9E88-E5A126862DD3}.Release|iPhone.Build.0 = Release|Any CPU
		{DACFD4D4-86B1-4FA6-9E88-E5A126862DD3}.Release|iPhoneSimulator.ActiveCfg = Release|Any CPU
		{DACFD4D4-86B1-4FA6-9E88-E5A126862DD3}.Release|iPhoneSimulator.Build.0 = Release|Any CPU
	EndGlobalSection
EndGlobal
